#MicroXplorer Configuration settings - do not modify
Mcu.Family=STM32F4
ProjectManager.MainLocation=Core/Src
SH.S_TIM4_CH2.ConfNb=1
USART2.IPParameters=VirtualMode
RCC.CortexFreq_Value=168000000
Dma.USART2_TX.2.RequestParameters=Instance,Direction,PeriphInc,MemInc,PeriphDataAlignment,MemDataAlignment,Mode,Priority,FIFOMode
PH12.Signal=S_TIM5_CH3
NVIC.CAN2_RX0_IRQn=true\:0\:0\:false\:false\:true\:true\:true
ProjectManager.KeepUserCode=true
PE11.GPIOParameters=GPIO_Label
Mcu.UserName=STM32F427IIHx
PH10.Signal=S_TIM5_CH1
PE11.GPIO_Label=LED_RED
USART1.BaudRate=100000
RCC.PLLCLKFreq_Value=168000000
RCC.PLLQCLKFreq_Value=84000000
ProjectManager.functionlistsort=1-MX_GPIO_Init-GPIO-false-HAL-true,2-MX_DMA_Init-DMA-false-HAL-true,3-SystemClock_Config-RCC-false-HAL-false,4-MX_CAN1_Init-CAN1-false-HAL-true,5-MX_CAN2_Init-CAN2-false-HAL-true,6-MX_SPI5_Init-SPI5-false-HAL-true,7-MX_TIM2_Init-TIM2-false-HAL-true,8-MX_TIM4_Init-TIM4-false-HAL-true,9-MX_USART1_UART_Init-USART1-false-HAL-true,10-MX_USART2_UART_Init-USART2-false-HAL-true,11-MX_USART6_UART_Init-USART6-false-HAL-true,12-MX_TIM3_Init-TIM3-false-HAL-true,13-MX_TIM12_Init-TIM12-false-HAL-true,14-MX_TIM5_Init-TIM5-false-HAL-true
PE2.GPIO_Speed=GPIO_SPEED_FREQ_VERY_HIGH
SH.S_TIM5_CH2.0=TIM5_CH2,PWM Generation2 CH2
RCC.RTCFreq_Value=32000
PA0/WKUP.Signal=S_TIM2_CH1_ETR
PD0.Locked=true
TIM2.Channel-PWM\ Generation2\ CH2=TIM_CHANNEL_2
USART1.IPParameters=VirtualMode,BaudRate,Parity
SH.S_TIM4_CH4.ConfNb=1
PB13.Signal=CAN2_TX
PinOutPanel.RotationAngle=0
Dma.USART2_RX.1.MemDataAlignment=DMA_MDATAALIGN_BYTE
RCC.SYSCLKSource=RCC_SYSCLKSOURCE_PLLCLK
ProjectManager.StackSize=0x400
RCC.SAI_BClocksFreq_Value=24500000
Dma.USART2_TX.2.PeriphDataAlignment=DMA_PDATAALIGN_BYTE
PD13.Signal=S_TIM4_CH2
Mcu.IP4=RCC
RCC.FCLKCortexFreq_Value=168000000
Mcu.IP5=SPI5
Mcu.IP2=DMA
NVIC.SVCall_IRQn=true\:0\:0\:false\:false\:true\:false\:false
Mcu.IP3=NVIC
Mcu.IP0=CAN1
Mcu.IP1=CAN2
PH5.Signal=GPIO_Output
Mcu.UserConstants=APB1_TIMER_CLOCKS,84000000;APB2_TIMER_CLOCKS,168000000;PWM_FREQUENCE,50;PWM_RESOLUTION,10000;PWM_DEFAULT_DUTY,1000;TIM_PSC_APB1,((APB1_TIMER_CLOCKS/PWM_FREQUENCE)/PWM_RESOLUTION -1);TIM_PSC_APB2,((APB2_TIMER_CLOCKS/PWM_FREQUENCE)/PWM_RESOLUTION -1)
PH3.Locked=true
SH.S_TIM3_CH2.ConfNb=1
PF7.Signal=SPI5_SCK
TIM2.Pulse-PWM\ Generation3\ CH3=PWM_DEFAULT_DUTY
NVIC.CAN1_TX_IRQn=true\:0\:0\:false\:false\:true\:true\:true
Mcu.ThirdPartyNb=0
PH0/OSC_IN.Mode=HSE-External-Oscillator
RCC.HCLKFreq_Value=168000000
Mcu.IPNb=15
RCC.I2SClocksFreq_Value=192000000
TIM2.IPParameters=Channel-PWM Generation1 CH1,Channel-PWM Generation2 CH2,Channel-PWM Generation3 CH3,Channel-PWM Generation4 CH4,Prescaler,Period,Pulse-PWM Generation1 CH1,Pulse-PWM Generation2 CH2,Pulse-PWM Generation3 CH3,Pulse-PWM Generation4 CH4
ProjectManager.PreviousToolchain=
RCC.APB2TimFreq_Value=168000000
TIM3.Period=4999
TIM4.Pulse-PWM\ Generation1\ CH1=PWM_DEFAULT_DUTY
PB6.Signal=USART1_TX
RCC.VcooutputI2S=192000000
PA0/WKUP.Locked=true
PB6.Mode=Asynchronous
PH1/OSC_OUT.Signal=RCC_OSC_OUT
SH.S_TIM5_CH3.0=TIM5_CH3,PWM Generation3 CH3
Dma.USART2_RX.1.PeriphInc=DMA_PINC_DISABLE
Mcu.Pin6=PB7
PD0.Signal=CAN1_RX
Mcu.Pin7=PB6
Mcu.Pin8=PD6
Mcu.Pin9=PD0
RCC.VCOSAIOutputFreq_Value=98000000
Dma.USART2_RX.1.MemInc=DMA_MINC_ENABLE
RCC.AHBFreq_Value=168000000
Dma.USART1_RX.0.Priority=DMA_PRIORITY_VERY_HIGH
Mcu.Pin0=PE3
Mcu.Pin1=PE2
PD5.Mode=Asynchronous
GPIO.groupedBy=Group By Peripherals
Mcu.Pin2=PB5
Mcu.Pin3=PG14
Mcu.Pin4=PA14
Mcu.Pin5=PA13
ProjectManager.ProjectBuild=false
Dma.USART2_RX.1.RequestParameters=Instance,Direction,PeriphInc,MemInc,PeriphDataAlignment,MemDataAlignment,Mode,Priority,FIFOMode
RCC.HSE_VALUE=12000000
TIM4.Channel-PWM\ Generation3\ CH3=TIM_CHANNEL_3
NVIC.UsageFault_IRQn=true\:0\:0\:false\:false\:true\:false\:false
NVIC.DebugMonitor_IRQn=true\:0\:0\:false\:false\:true\:false\:false
Dma.USART2_TX.2.Priority=DMA_PRIORITY_LOW
Mcu.IP10=TIM5
NVIC.SysTick_IRQn=true\:0\:0\:false\:false\:true\:false\:true
Mcu.IP12=USART1
Mcu.IP11=TIM12
TIM12.Period=7777
PG14.Mode=Asynchronous
ProjectManager.FirmwarePackage=STM32Cube FW_F4 V1.25.1
MxDb.Version=DB.6.0.0
Mcu.IP14=USART6
PF9.Mode=Full_Duplex_Master
Mcu.IP13=USART2
ProjectManager.BackupPrevious=false
RCC.VCOInputFreq_Value=2000000
SH.S_TIM12_CH1.0=TIM12_CH1,PWM Generation1 CH1
PA14.Mode=Serial_Wire
CAN2.Prescaler=3
TIM3.Prescaler=0
Dma.USART2_TX.2.MemDataAlignment=DMA_MDATAALIGN_BYTE
File.Version=6
PE3.GPIOParameters=GPIO_Speed,GPIO_Label
SH.S_TIM4_CH2.0=TIM4_CH2,PWM Generation2 CH2
PE3.Locked=true
PE2.Signal=GPIO_Output
PB7.Signal=USART1_RX
PF8.Mode=Full_Duplex_Master
TIM2.Channel-PWM\ Generation1\ CH1=TIM_CHANNEL_1
NVIC.PendSV_IRQn=true\:0\:0\:false\:false\:true\:false\:false
SH.S_TIM5_CH2.ConfNb=1
TIM4.Period=PWM_RESOLUTION-1
Dma.USART1_RX.0.MemInc=DMA_MINC_ENABLE
PH1/OSC_OUT.Mode=HSE-External-Oscillator
Dma.RequestsNb=3
ProjectManager.HalAssertFull=false
ProjectManager.ProjectName=test_remote_control
RCC.MCO2PinFreq_Value=168000000
CAN1.Prescaler=3
Mcu.Package=UFBGA176
SPI5.BaudRatePrescaler=SPI_BAUDRATEPRESCALER_128
TIM2.Prescaler=TIM_PSC_APB1
PB12.Mode=Slave
CAN2.BS1=CAN_BS1_9TQ
CAN2.BS2=CAN_BS2_4TQ
USART2.VirtualMode=VM_ASYNC
USART6.VirtualMode=VM_ASYNC
PD12.Signal=S_TIM4_CH1
ProjectManager.ToolChainLocation=
PD14.Locked=true
RCC.LSI_VALUE=32000
VP_SYS_VS_Systick.Signal=SYS_VS_Systick
Dma.USART1_RX.0.RequestParameters=Instance,Direction,PeriphInc,MemInc,PeriphDataAlignment,MemDataAlignment,Mode,Priority,FIFOMode
TIM4.OCMode_PWM-PWM\ Generation4\ CH4=TIM_OCMODE_PWM1
PF8.Signal=SPI5_MISO
PH6.Locked=true
TIM2.Pulse-PWM\ Generation2\ CH2=PWM_DEFAULT_DUTY
SPI5.CalculateBaudRate=656.25 KBits/s
PH2.Signal=GPIO_Output
Dma.USART1_RX.0.FIFOMode=DMA_FIFOMODE_DISABLE
RCC.APB2CLKDivider=RCC_HCLK_DIV2
NVIC.DMA2_Stream2_IRQn=true\:0\:0\:false\:false\:true\:false\:true
SH.S_TIM4_CH1.0=TIM4_CH1,PWM Generation1 CH1
Dma.Request2=USART2_TX
PF14.Signal=GPIO_Output
Dma.Request1=USART2_RX
RCC.APB1TimFreq_Value=84000000
NVIC.BusFault_IRQn=true\:0\:0\:false\:false\:true\:false\:false
SH.S_TIM5_CH1.0=TIM5_CH1,PWM Generation1 CH1
Dma.USART1_RX.0.Mode=DMA_CIRCULAR
PB13.Mode=Slave
SH.S_TIM2_CH4.ConfNb=1
NVIC.USART1_IRQn=true\:0\:0\:false\:false\:true\:true\:true
PD6.Signal=USART2_RX
Dma.USART2_RX.1.Mode=DMA_NORMAL
TIM4.Channel-PWM\ Generation4\ CH4=TIM_CHANNEL_4
Dma.Request0=USART1_RX
NVIC.DMA1_Stream6_IRQn=true\:0\:0\:false\:false\:true\:false\:true
PE2.GPIO_Label=IST_RST
PD15.Signal=S_TIM4_CH4
Dma.USART1_RX.0.Instance=DMA2_Stream2
SPI5.VirtualType=VM_MASTER
TIM4.Pulse-PWM\ Generation2\ CH2=PWM_DEFAULT_DUTY
ProjectManager.CustomerFirmwarePackage=
RCC.SAI_AClocksFreq_Value=24500000
PA3.Signal=S_TIM2_CH4
CAN1.CalculateTimeQuantum=71.42857142857143
RCC.PLLSourceVirtual=RCC_PLLSOURCE_HSE
TIM4.Channel-PWM\ Generation1\ CH1=TIM_CHANNEL_1
SH.S_TIM4_CH1.ConfNb=1
Dma.USART2_TX.2.PeriphInc=DMA_PINC_DISABLE
TIM4.Pulse-PWM\ Generation3\ CH3=PWM_DEFAULT_DUTY
NVIC.CAN2_TX_IRQn=true\:0\:0\:false\:false\:true\:true\:true
ProjectManager.ProjectFileName=test_remote_control.ioc
TIM2.Channel-PWM\ Generation4\ CH4=TIM_CHANNEL_4
Dma.USART2_RX.1.Priority=DMA_PRIORITY_LOW
Dma.USART2_RX.1.FIFOMode=DMA_FIFOMODE_DISABLE
TIM5.IPParameters=Channel-PWM Generation1 CH1,Channel-PWM Generation2 CH2,Channel-PWM Generation3 CH3
Dma.USART1_RX.0.PeriphDataAlignment=DMA_PDATAALIGN_BYTE
Mcu.PinsNb=40
PH11.Signal=S_TIM5_CH2
ProjectManager.NoMain=false
Dma.USART2_TX.2.MemInc=DMA_MINC_ENABLE
USART6.IPParameters=VirtualMode
SH.S_TIM4_CH4.0=TIM4_CH4,PWM Generation4 CH4
PG9.Signal=USART6_RX
CAN1.IPParameters=CalculateTimeQuantum,Prescaler,BS1,BS2
CAN2.IPParameters=CalculateTimeQuantum,BS2,BS1,Prescaler
PG9.Mode=Asynchronous
PD1.Signal=CAN1_TX
ProjectManager.DefaultFWLocation=true
RCC.VCOSAIOutputFreq_ValueQ=24500000
PD5.Signal=USART2_TX
PF14.GPIO_Label=LED_GREEN
TIM5.Channel-PWM\ Generation3\ CH3=TIM_CHANNEL_3
PB12.Locked=true
ProjectManager.DeletePrevious=true
RCC.APB1CLKDivider=RCC_HCLK_DIV4
PD6.Mode=Asynchronous
NVIC.USART2_IRQn=true\:0\:0\:false\:false\:true\:true\:true
SPI5.Mode=SPI_MODE_MASTER
SH.S_TIM2_CH1_ETR.ConfNb=1
PinOutPanel.CurrentBGAView=Top
RCC.FamilyName=M
TIM2.Pulse-PWM\ Generation1\ CH1=PWM_DEFAULT_DUTY
NVIC.USART6_IRQn=true\:0\:0\:false\:false\:true\:true\:true
PA13.Signal=SYS_JTMS-SWDIO
PF7.Mode=Full_Duplex_Master
SH.S_TIM2_CH2.0=TIM2_CH2,PWM Generation2 CH2
PH4.Signal=GPIO_Output
CAN1.BS2=CAN_BS2_4TQ
PF6.Signal=GPIO_Output
PH4.Locked=true
CAN1.BS1=CAN_BS1_9TQ
ProjectManager.TargetToolchain=STM32CubeIDE
TIM4.IPParameters=Channel-PWM Generation1 CH1,Channel-PWM Generation2 CH2,Channel-PWM Generation3 CH3,Channel-PWM Generation4 CH4,Prescaler,Period,Pulse-PWM Generation1 CH1,Pulse-PWM Generation2 CH2,Pulse-PWM Generation3 CH3,Pulse-PWM Generation4 CH4,OCMode_PWM-PWM Generation4 CH4
NVIC.DMA1_Stream5_IRQn=true\:0\:0\:false\:false\:true\:false\:true
PF6.Locked=true
SH.S_TIM4_CH3.0=TIM4_CH3,PWM Generation3 CH3
Dma.USART1_RX.0.Direction=DMA_PERIPH_TO_MEMORY
USART1.Parity=PARITY_EVEN
SH.S_TIM2_CH2.ConfNb=1
SH.S_TIM5_CH3.ConfNb=1
RCC.VcooutputI2SQ=192000000
PB5.Locked=true
PE2.GPIOParameters=GPIO_Speed,GPIO_Label
ProjectManager.RegisterCallBack=
TIM4.Prescaler=TIM_PSC_APB1
PE11.Signal=GPIO_Output
RCC.LSE_VALUE=32768
PA1.Signal=S_TIM2_CH2
Dma.USART1_RX.0.PeriphInc=DMA_PINC_DISABLE
Dma.USART2_RX.1.Instance=DMA1_Stream5
SH.S_TIM4_CH3.ConfNb=1
RCC.VCOI2SOutputFreq_Value=384000000
TIM12.Prescaler=3
Dma.USART2_RX.1.Direction=DMA_PERIPH_TO_MEMORY
SH.S_TIM3_CH2.0=TIM3_CH2,PWM Generation2 CH2
PG14.Signal=USART6_TX
Dma.USART2_RX.1.PeriphDataAlignment=DMA_PDATAALIGN_BYTE
board=custom
RCC.VCOOutputFreq_Value=336000000
ProjectManager.LastFirmware=true
PF14.GPIOParameters=GPIO_Label
PD1.Mode=Master
TIM4.Pulse-PWM\ Generation4\ CH4=PWM_DEFAULT_DUTY
PH0/OSC_IN.Signal=RCC_OSC_IN
SH.S_TIM12_CH1.ConfNb=1
TIM12.Channel-PWM\ Generation1\ CH1=TIM_CHANNEL_1
TIM4.Channel-PWM\ Generation2\ CH2=TIM_CHANNEL_2
RCC.APB2Freq_Value=84000000
MxCube.Version=6.0.0
Mcu.Pin37=PA3
Mcu.Pin38=PF14
Mcu.Pin35=PB12
SH.S_TIM2_CH3.0=TIM2_CH3,PWM Generation3 CH3
Mcu.Pin36=PB13
Mcu.Pin39=VP_SYS_VS_Systick
Mcu.Pin30=PA1
VP_SYS_VS_Systick.Mode=SysTick
RCC.EthernetFreq_Value=168000000
CAN2.CalculateTimeQuantum=71.42857142857143
TIM2.Channel-PWM\ Generation3\ CH3=TIM_CHANNEL_3
Mcu.Pin33=PA2
TIM3.IPParameters=Channel-PWM Generation2 CH2,Prescaler,Period
Mcu.Pin34=PE11
Dma.USART1_RX.0.MemDataAlignment=DMA_MDATAALIGN_BYTE
Mcu.Pin31=PA0/WKUP
Mcu.Pin32=PD12
NVIC.NonMaskableInt_IRQn=true\:0\:0\:false\:false\:true\:false\:false
PF14.Locked=true
SH.S_TIM2_CH3.ConfNb=1
TIM2.Period=PWM_RESOLUTION-1
PA13.Mode=Serial_Wire
ProjectManager.FreePins=false
RCC.IPParameters=48MHZClocksFreq_Value,AHBFreq_Value,APB1CLKDivider,APB1Freq_Value,APB1TimFreq_Value,APB2CLKDivider,APB2Freq_Value,APB2TimFreq_Value,CortexFreq_Value,EthernetFreq_Value,FCLKCortexFreq_Value,FamilyName,HCLKFreq_Value,HSE_VALUE,HSI_VALUE,I2SClocksFreq_Value,LSE_VALUE,LSI_VALUE,MCO2PinFreq_Value,PLLCLKFreq_Value,PLLM,PLLN,PLLQCLKFreq_Value,PLLSourceVirtual,RTCFreq_Value,RTCHSEDivFreq_Value,SAI_AClocksFreq_Value,SAI_BClocksFreq_Value,SYSCLKFreq_VALUE,SYSCLKSource,VCOI2SOutputFreq_Value,VCOInputFreq_Value,VCOOutputFreq_Value,VCOSAIOutputFreq_Value,VCOSAIOutputFreq_ValueQ,VcooutputI2S,VcooutputI2SQ
PE11.Locked=true
ProjectManager.AskForMigrate=true
Mcu.Name=STM32F427I(G-I)Hx
PD0.Mode=Master
Mcu.Pin26=PD15
Mcu.Pin27=PH6
RCC.RTCHSEDivFreq_Value=6000000
Mcu.Pin24=PH11
PA2.Signal=S_TIM2_CH3
Dma.USART2_TX.2.Mode=DMA_NORMAL
ProjectManager.UnderRoot=true
Mcu.Pin25=PH10
Mcu.IP8=TIM3
Mcu.IP9=TIM4
PD14.Signal=S_TIM4_CH3
Mcu.Pin28=PD14
Mcu.IP6=SYS
Mcu.Pin29=PD13
Mcu.IP7=TIM2
ProjectManager.CoupleFile=false
RCC.48MHZClocksFreq_Value=84000000
TIM5.Channel-PWM\ Generation2\ CH2=TIM_CHANNEL_2
RCC.SYSCLKFreq_VALUE=168000000
PB5.Signal=S_TIM3_CH2
Mcu.Pin22=PF9
Mcu.Pin23=PF8
PA1.Locked=true
Mcu.Pin20=PF6
Mcu.Pin21=PH12
Dma.USART2_TX.2.Instance=DMA1_Stream6
NVIC.ForceEnableDMAVector=true
KeepUserPlacement=false
PE3.GPIO_Speed=GPIO_SPEED_FREQ_VERY_HIGH
NVIC.MemoryManagement_IRQn=true\:0\:0\:false\:false\:true\:false\:false
USART1.VirtualMode=VM_ASYNC
ProjectManager.CompilerOptimize=6
PD15.Locked=true
PB7.Mode=Asynchronous
SH.S_TIM2_CH1_ETR.0=TIM2_CH1,PWM Generation1 CH1
TIM5.Channel-PWM\ Generation1\ CH1=TIM_CHANNEL_1
PA14.Signal=SYS_JTCK-SWCLK
ProjectManager.HeapSize=0x200
Mcu.Pin15=PH3
NVIC.HardFault_IRQn=true\:0\:0\:false\:false\:true\:false\:false
PH5.Locked=true
Mcu.Pin16=PH1/OSC_OUT
Mcu.Pin13=PH2
SH.S_TIM2_CH4.0=TIM2_CH4,PWM Generation4 CH4
Mcu.Pin14=PH0/OSC_IN
PH6.Signal=S_TIM12_CH1
Mcu.Pin19=PF7
ProjectManager.ComputerToolchain=false
Mcu.Pin17=PH4
PF9.Signal=SPI5_MOSI
RCC.HSI_VALUE=16000000
Mcu.Pin18=PH5
Dma.USART2_TX.2.Direction=DMA_MEMORY_TO_PERIPH
PH2.Locked=true
NVIC.PriorityGroup=NVIC_PRIORITYGROUP_4
Mcu.Pin11=PD5
PH3.Signal=GPIO_Output
TIM3.Channel-PWM\ Generation2\ CH2=TIM_CHANNEL_2
Mcu.Pin12=PD1
RCC.PLLM=6
RCC.PLLN=168
Mcu.Pin10=PG9
Dma.USART2_TX.2.FIFOMode=DMA_FIFOMODE_DISABLE
PE2.Locked=true
PE3.Signal=GPIO_Output
PE3.GPIO_Label=IST_INT
TIM2.Pulse-PWM\ Generation4\ CH4=PWM_DEFAULT_DUTY
RCC.APB1Freq_Value=42000000
PD1.Locked=true
SPI5.IPParameters=VirtualType,Mode,Direction,CalculateBaudRate,BaudRatePrescaler
TIM12.IPParameters=Channel-PWM Generation1 CH1,Prescaler,Period
ProjectManager.DeviceId=STM32F427IIHx
PB12.Signal=CAN2_RX
ProjectManager.LibraryCopy=1
SH.S_TIM5_CH1.ConfNb=1
NVIC.CAN1_RX0_IRQn=true\:0\:0\:false\:false\:true\:true\:true
SPI5.Direction=SPI_DIRECTION_2LINES
